
Microsoft Visual Studio Solution File, Format Version 12.00
# Visual Studio Version 17
VisualStudioVersion = 17.14.37027.9 d17.14
MinimumVisualStudioVersion = 10.0.40219.1
Project("{FAE04EC0-301F-11D3-BF4B-00C04F79EFBC}") = "thuongmaidientu", "thuongmaidientu\thuongmaidientu.csproj", "{68AE83CD-51A9-4771-A79B-4F345AF1A2E1}"
EndProject
Global
	GlobalSection(SolutionConfigurationPlatforms) = preSolution
		Debug|Any CPU = Debug|Any CPU
		Release|Any CPU = Release|Any CPU
	EndGlobalSection
	GlobalSection(ProjectConfigurationPlatforms) = postSolution
		{68AE83CD-51A9-4771-A79B-4F345AF1A2E1}.Debug|Any CPU.ActiveCfg = Debug|Any CPU
		{68AE83CD-51A9-4771-A79B-4F345AF1A2E1}.Debug|Any CPU.Build.0 = Debug|Any CPU
		{68AE83CD-51A9-4771-A79B-4F345AF1A2E1}.Release|Any CPU.ActiveCfg = Release|Any CPU
		{68AE83CD-51A9-4771-A79B-4F345AF1A2E1}.Release|Any CPU.Build.0 = Release|Any CPU
	EndGlobalSection
	GlobalSection(SolutionProperties) = preSolution
		HideSolutionNode = FALSE
	EndGlobalSection
	GlobalSection(ExtensibilityGlobals) = postSolution
		SolutionGuid = {E8220BA8-4FC0-43A7-B4BF-D29C4F2E3B84}
	EndGlobalSection
EndGlobal
